
Microsoft Visual Studio Solution File, Format Version 12.00
# Visual Studio Version 16
VisualStudioVersion = 16.0.30114.105
MinimumVisualStudioVersion = 10.0.40219.1
Project("{2150E333-8FDC-42A3-9474-1A3956D46DE8}") = "src", "src", "{055FAC4D-14D4-403C-BE89-7DE21B30CC54}"
EndProject
Project("{FAE04EC0-301F-11D3-BF4B-00C04F79EFBC}") = "Cobalt.Symbols.Downloader", "src\Cobalt.Symbols.Downloader\Cobalt.Symbols.Downloader.csproj", "{D5FF8BA9-3830-4F07-A4A8-E08C63FC2532}"
EndProject
Project("{FAE04EC0-301F-11D3-BF4B-00C04F79EFBC}") = "Cobalt.Symbols.MSBuild", "src\Cobalt.Symbols.MSBuild\Cobalt.Symbols.MSBuild.csproj", "{11F33D86-D8DB-4E38-BFC8-6F1813AA163B}"
EndProject
Global
	GlobalSection(SolutionConfigurationPlatforms) = preSolution
		Debug|Any CPU = Debug|Any CPU
		Debug|x64 = Debug|x64
		Debug|x86 = Debug|x86
		Release|Any CPU = Release|Any CPU
		Release|x64 = Release|x64
		Release|x86 = Release|x86
	EndGlobalSection
	GlobalSection(SolutionProperties) = preSolution
		HideSolutionNode = FALSE
	EndGlobalSection
	GlobalSection(ProjectConfigurationPlatforms) = postSolution
		{D5FF8BA9-3830-4F07-A4A8-E08C63FC2532}.Debug|Any CPU.ActiveCfg = Debug|Any CPU
		{D5FF8BA9-3830-4F07-A4A8-E08C63FC2532}.Debug|Any CPU.Build.0 = Debug|Any CPU
		{D5FF8BA9-3830-4F07-A4A8-E08C63FC2532}.Debug|x64.ActiveCfg = Debug|Any CPU
		{D5FF8BA9-3830-4F07-A4A8-E08C63FC2532}.Debug|x64.Build.0 = Debug|Any CPU
		{D5FF8BA9-3830-4F07-A4A8-E08C63FC2532}.Debug|x86.ActiveCfg = Debug|Any CPU
		{D5FF8BA9-3830-4F07-A4A8-E08C63FC2532}.Debug|x86.Build.0 = Debug|Any CPU
		{D5FF8BA9-3830-4F07-A4A8-E08C63FC2532}.Release|Any CPU.ActiveCfg = Release|Any CPU
		{D5FF8BA9-3830-4F07-A4A8-E08C63FC2532}.Release|Any CPU.Build.0 = Release|Any CPU
		{D5FF8BA9-3830-4F07-A4A8-E08C63FC2532}.Release|x64.ActiveCfg = Release|Any CPU
		{D5FF8BA9-3830-4F07-A4A8-E08C63FC2532}.Release|x64.Build.0 = Release|Any CPU
		{D5FF8BA9-3830-4F07-A4A8-E08C63FC2532}.Release|x86.ActiveCfg = Release|Any CPU
		{D5FF8BA9-3830-4F07-A4A8-E08C63FC2532}.Release|x86.Build.0 = Release|Any CPU
		{11F33D86-D8DB-4E38-BFC8-6F1813AA163B}.Debug|Any CPU.ActiveCfg = Debug|Any CPU
		{11F33D86-D8DB-4E38-BFC8-6F1813AA163B}.Debug|Any CPU.Build.0 = Debug|Any CPU
		{11F33D86-D8DB-4E38-BFC8-6F1813AA163B}.Debug|x64.ActiveCfg = Debug|Any CPU
		{11F33D86-D8DB-4E38-BFC8-6F1813AA163B}.Debug|x64.Build.0 = Debug|Any CPU
		{11F33D86-D8DB-4E38-BFC8-6F1813AA163B}.Debug|x86.ActiveCfg = Debug|Any CPU
		{11F33D86-D8DB-4E38-BFC8-6F1813AA163B}.Debug|x86.Build.0 = Debug|Any CPU
		{11F33D86-D8DB-4E38-BFC8-6F1813AA163B}.Release|Any CPU.ActiveCfg = Release|Any CPU
		{11F33D86-D8DB-4E38-BFC8-6F1813AA163B}.Release|Any CPU.Build.0 = Release|Any CPU
		{11F33D86-D8DB-4E38-BFC8-6F1813AA163B}.Release|x64.ActiveCfg = Release|Any CPU
		{11F33D86-D8DB-4E38-BFC8-6F1813AA163B}.Release|x64.Build.0 = Release|Any CPU
		{11F33D86-D8DB-4E38-BFC8-6F1813AA163B}.Release|x86.ActiveCfg = Release|Any CPU
		{11F33D86-D8DB-4E38-BFC8-6F1813AA163B}.Release|x86.Build.0 = Release|Any CPU
	EndGlobalSection
	GlobalSection(NestedProjects) = preSolution
		{D5FF8BA9-3830-4F07-A4A8-E08C63FC2532} = {055FAC4D-14D4-403C-BE89-7DE21B30CC54}
		{11F33D86-D8DB-4E38-BFC8-6F1813AA163B} = {055FAC4D-14D4-403C-BE89-7DE21B30CC54}
	EndGlobalSection
EndGlobal
